
Microsoft Visual Studio Solution File, Format Version 12.00
# Visual Studio Version 16
VisualStudioVersion = 16.0.28721.148
MinimumVisualStudioVersion = 10.0.40219.1
Project("{9A19103F-16F7-4668-BE54-9A1E7A4F7556}") = "KFSBDataBuildAndValidate", "KFSB Data Builder\KFSBDataBuildAndValidate.csproj", "{8C22E1F2-E99A-4DA5-A231-CB94C1FBE817}"
EndProject
Global
	GlobalSection(SolutionConfigurationPlatforms) = preSolution
		Debug|Any CPU = Debug|Any CPU
		Release|Any CPU = Release|Any CPU
	EndGlobalSection
	GlobalSection(ProjectConfigurationPlatforms) = postSolution
		{8C22E1F2-E99A-4DA5-A231-CB94C1FBE817}.Debug|Any CPU.ActiveCfg = Debug|Any CPU
		{8C22E1F2-E99A-4DA5-A231-CB94C1FBE817}.Debug|Any CPU.Build.0 = Debug|Any CPU
		{8C22E1F2-E99A-4DA5-A231-CB94C1FBE817}.Release|Any CPU.ActiveCfg = Release|Any CPU
		{8C22E1F2-E99A-4DA5-A231-CB94C1FBE817}.Release|Any CPU.Build.0 = Release|Any CPU
	EndGlobalSection
	GlobalSection(SolutionProperties) = preSolution
		HideSolutionNode = FALSE
	EndGlobalSection
	GlobalSection(ExtensibilityGlobals) = postSolution
		SolutionGuid = {C6A11B74-ECA3-418B-8CB6-23854877706C}
	EndGlobalSection
EndGlobal
